{
  "name": "repoaxis",
  "version": "0.9.0",
  "lockfileVersion": 3,
  "requires": true,
  "packages": {
    "": {
      "name": "repoaxis",
      "version": "0.9.0",
      "license": "MIT",
      "bin": {
        "repoaxis": "bin/repoaxis"
      },
      "engines": {
        "node": ">=20"
      }
    }
  }
}
